// !$*UTF8*$!
{
	archiveVersion = 1;
	classes = {
	};
	objectVersion = 46;
	objects = {

/* Begin PBXBuildFile section */
		800902FC1C88C9F400722614 /* main.m in Sources */ = {isa = PBXBuildFile; fileRef = 800902FB1C88C9F400722614 /* main.m */; };
		800902FF1C88C9F400722614 /* AppDelegate.m in Sources */ = {isa = PBXBuildFile; fileRef = 800902FE1C88C9F400722614 /* AppDelegate.m */; };
		800903021C88C9F400722614 /* ViewController.m in Sources */ = {isa = PBXBuildFile; fileRef = 800903011C88C9F400722614 /* ViewController.m */; };
		800903051C88C9F400722614 /* Main.storyboard in Resources */ = {isa = PBXBuildFile; fileRef = 800903031C88C9F400722614 /* Main.storyboard */; };
		800903071C88C9F400722614 /* Assets.xcassets in Resources */ = {isa = PBXBuildFile; fileRef = 800903061C88C9F400722614 /* Assets.xcassets */; };
		8009030A1C88C9F500722614 /* LaunchScreen.storyboard in Resources */ = {isa = PBXBuildFile; fileRef = 800903081C88C9F500722614 /* LaunchScreen.storyboard */; };
		800903151C88C9F500722614 /* LEDSoundsystemTests.m in Sources */ = {isa = PBXBuildFile; fileRef = 800903141C88C9F500722614 /* LEDSoundsystemTests.m */; };
		800903201C88C9F500722614 /* LEDSoundsystemUITests.m in Sources */ = {isa = PBXBuildFile; fileRef = 8009031F1C88C9F500722614 /* LEDSoundsystemUITests.m */; };
		801E5FA51C8A316B00536847 /* Spotify.framework in Frameworks */ = {isa = PBXBuildFile; fileRef = 801E5FA41C8A316B00536847 /* Spotify.framework */; };
		801E5FA71C8A332000536847 /* AVFoundation.framework in Frameworks */ = {isa = PBXBuildFile; fileRef = 801E5FA61C8A331F00536847 /* AVFoundation.framework */; };
		801E5FA91C8A332D00536847 /* SystemConfiguration.framework in Frameworks */ = {isa = PBXBuildFile; fileRef = 801E5FA81C8A332D00536847 /* SystemConfiguration.framework */; };
		807C64F11C89FF6B00E116AD /* LogoClear.png in Resources */ = {isa = PBXBuildFile; fileRef = 807C64F01C89FF6B00E116AD /* LogoClear.png */; };
		80A910141CB7530E00754D3E /* Global.m in Sources */ = {isa = PBXBuildFile; fileRef = 80A910131CB7530E00754D3E /* Global.m */; };
		80D602441CAA3845003305E3 /* songViewController.m in Sources */ = {isa = PBXBuildFile; fileRef = 80D602431CAA3845003305E3 /* songViewController.m */; };
		80D602471CAB7DD3003305E3 /* playlistTableViewController.m in Sources */ = {isa = PBXBuildFile; fileRef = 80D602461CAB7DD3003305E3 /* playlistTableViewController.m */; };
		80FA5F9F1CB31A71008F51F7 /* startViewController.m in Sources */ = {isa = PBXBuildFile; fileRef = 80FA5F9E1CB31A71008F51F7 /* startViewController.m */; };
		A01D8A81F13D8D9DDE6221EB /* libPods-LEDSoundsystem.a in Frameworks */ = {isa = PBXBuildFile; fileRef = E2563902D92A43A962E57D18 /* libPods-LEDSoundsystem.a */; };
/* End PBXBuildFile section */

/* Begin PBXContainerItemProxy section */
		800903111C88C9F500722614 /* PBXContainerItemProxy */ = {
			isa = PBXContainerItemProxy;
			containerPortal = 800902EF1C88C9F400722614 /* Project object */;
			proxyType = 1;
			remoteGlobalIDString = 800902F61C88C9F400722614;
			remoteInfo = LEDSoundsystem;
		};
		8009031C1C88C9F500722614 /* PBXContainerItemProxy */ = {
			isa = PBXContainerItemProxy;
			containerPortal = 800902EF1C88C9F400722614 /* Project object */;
			proxyType = 1;
			remoteGlobalIDString = 800902F61C88C9F400722614;
			remoteInfo = LEDSoundsystem;
		};
/* End PBXContainerItemProxy section */

/* Begin PBXFileReference section */
		800902F71C88C9F400722614 /* LEDSoundsystem.app */ = {isa = PBXFileReference; explicitFileType = wrapper.application; includeInIndex = 0; path = LEDSoundsystem.app; sourceTree = BUILT_PRODUCTS_DIR; };
		800902FB1C88C9F400722614 /* main.m */ = {isa = PBXFileReference; lastKnownFileType = sourcecode.c.objc; path = main.m; sourceTree = "<group>"; };
		800902FD1C88C9F400722614 /* AppDelegate.h */ = {isa = PBXFileReference; lastKnownFileType = sourcecode.c.h; path = AppDelegate.h; sourceTree = "<group>"; };
		800902FE1C88C9F400722614 /* AppDelegate.m */ = {isa = PBXFileReference; lastKnownFileType = sourcecode.c.objc; path = AppDelegate.m; sourceTree = "<group>"; };
		800903001C88C9F400722614 /* ViewController.h */ = {isa = PBXFileReference; lastKnownFileType = sourcecode.c.h; path = ViewController.h; sourceTree = "<group>"; };
		800903011C88C9F400722614 /* ViewController.m */ = {isa = PBXFileReference; lastKnownFileType = sourcecode.c.objc; path = ViewController.m; sourceTree = "<group>"; };
		800903041C88C9F400722614 /* Base */ = {isa = PBXFileReference; lastKnownFileType = file.storyboard; name = Base; path = Base.lproj/Main.storyboard; sourceTree = "<group>"; };
		800903061C88C9F400722614 /* Assets.xcassets */ = {isa = PBXFileReference; lastKnownFileType = folder.assetcatalog; path = Assets.xcassets; sourceTree = "<group>"; };
		800903091C88C9F500722614 /* Base */ = {isa = PBXFileReference; lastKnownFileType = file.storyboard; name = Base; path = Base.lproj/LaunchScreen.storyboard; sourceTree = "<group>"; };
		8009030B1C88C9F500722614 /* Info.plist */ = {isa = PBXFileReference; lastKnownFileType = text.plist.xml; path = Info.plist; sourceTree = "<group>"; };
		800903101C88C9F500722614 /* LEDSoundsystemTests.xctest */ = {isa = PBXFileReference; explicitFileType = wrapper.cfbundle; includeInIndex = 0; path = LEDSoundsystemTests.xctest; sourceTree = BUILT_PRODUCTS_DIR; };
		800903141C88C9F500722614 /* LEDSoundsystemTests.m */ = {isa = PBXFileReference; lastKnownFileType = sourcecode.c.objc; path = LEDSoundsystemTests.m; sourceTree = "<group>"; };
		800903161C88C9F500722614 /* Info.plist */ = {isa = PBXFileReference; lastKnownFileType = text.plist.xml; path = Info.plist; sourceTree = "<group>"; };
		8009031B1C88C9F500722614 /* LEDSoundsystemUITests.xctest */ = {isa = PBXFileReference; explicitFileType = wrapper.cfbundle; includeInIndex = 0; path = LEDSoundsystemUITests.xctest; sourceTree = BUILT_PRODUCTS_DIR; };
		8009031F1C88C9F500722614 /* LEDSoundsystemUITests.m */ = {isa = PBXFileReference; lastKnownFileType = sourcecode.c.objc; path = LEDSoundsystemUITests.m; sourceTree = "<group>"; };
		800903211C88C9F500722614 /* Info.plist */ = {isa = PBXFileReference; lastKnownFileType = text.plist.xml; path = Info.plist; sourceTree = "<group>"; };
		801E5FA41C8A316B00536847 /* Spotify.framework */ = {isa = PBXFileReference; lastKnownFileType = wrapper.framework; path = Spotify.framework; sourceTree = "<group>"; };
		801E5FA61C8A331F00536847 /* AVFoundation.framework */ = {isa = PBXFileReference; lastKnownFileType = wrapper.framework; name = AVFoundation.framework; path = System/Library/Frameworks/AVFoundation.framework; sourceTree = SDKROOT; };
		801E5FA81C8A332D00536847 /* SystemConfiguration.framework */ = {isa = PBXFileReference; lastKnownFileType = wrapper.framework; name = SystemConfiguration.framework; path = System/Library/Frameworks/SystemConfiguration.framework; sourceTree = SDKROOT; };
		807C64F01C89FF6B00E116AD /* LogoClear.png */ = {isa = PBXFileReference; lastKnownFileType = image.png; path = LogoClear.png; sourceTree = "<group>"; };
		80A910121CB7530E00754D3E /* Global.h */ = {isa = PBXFileReference; fileEncoding = 4; lastKnownFileType = sourcecode.c.h; path = Global.h; sourceTree = "<group>"; };
		80A910131CB7530E00754D3E /* Global.m */ = {isa = PBXFileReference; fileEncoding = 4; lastKnownFileType = sourcecode.c.objc; path = Global.m; sourceTree = "<group>"; };
		80D602421CAA3845003305E3 /* songViewController.h */ = {isa = PBXFileReference; fileEncoding = 4; lastKnownFileType = sourcecode.c.h; path = songViewController.h; sourceTree = "<group>"; };
		80D602431CAA3845003305E3 /* songViewController.m */ = {isa = PBXFileReference; fileEncoding = 4; lastKnownFileType = sourcecode.c.objc; path = songViewController.m; sourceTree = "<group>"; };
		80D602451CAB7DD3003305E3 /* playlistTableViewController.h */ = {isa = PBXFileReference; fileEncoding = 4; lastKnownFileType = sourcecode.c.h; name = playlistTableViewController.h; path = ../playlistTableViewController.h; sourceTree = "<group>"; };
		80D602461CAB7DD3003305E3 /* playlistTableViewController.m */ = {isa = PBXFileReference; fileEncoding = 4; lastKnownFileType = sourcecode.c.objc; name = playlistTableViewController.m; path = ../playlistTableViewController.m; sourceTree = "<group>"; };
		80EC5D751CA1E6A50095A0D8 /* Config.h */ = {isa = PBXFileReference; lastKnownFileType = sourcecode.c.h; path = Config.h; sourceTree = "<group>"; };
		80FA5F9D1CB31A71008F51F7 /* startViewController.h */ = {isa = PBXFileReference; fileEncoding = 4; lastKnownFileType = sourcecode.c.h; path = startViewController.h; sourceTree = "<group>"; };
		80FA5F9E1CB31A71008F51F7 /* startViewController.m */ = {isa = PBXFileReference; fileEncoding = 4; lastKnownFileType = sourcecode.c.objc; path = startViewController.m; sourceTree = "<group>"; };
		9C08FAF56B2338B849D6E498 /* Pods-LEDSoundsystem.release.xcconfig */ = {isa = PBXFileReference; includeInIndex = 1; lastKnownFileType = text.xcconfig; name = "Pods-LEDSoundsystem.release.xcconfig"; path = "Pods/Target Support Files/Pods-LEDSoundsystem/Pods-LEDSoundsystem.release.xcconfig"; sourceTree = "<group>"; };
		E2563902D92A43A962E57D18 /* libPods-LEDSoundsystem.a */ = {isa = PBXFileReference; explicitFileType = archive.ar; includeInIndex = 0; path = "libPods-LEDSoundsystem.a"; sourceTree = BUILT_PRODUCTS_DIR; };
		EC89E8BA84AA3C6E3E65C4B9 /* Pods-LEDSoundsystem.debug.xcconfig */ = {isa = PBXFileReference; includeInIndex = 1; lastKnownFileType = text.xcconfig; name = "Pods-LEDSoundsystem.debug.xcconfig"; path = "Pods/Target Support Files/Pods-LEDSoundsystem/Pods-LEDSoundsystem.debug.xcconfig"; sourceTree = "<group>"; };
/* End PBXFileReference section */

/* Begin PBXFrameworksBuildPhase section */
		800902F41C88C9F400722614 /* Frameworks */ = {
			isa = PBXFrameworksBuildPhase;
			buildActionMask = 2147483647;
			files = (
				A01D8A81F13D8D9DDE6221EB /* libPods-LEDSoundsystem.a in Frameworks */,
				801E5FA51C8A316B00536847 /* Spotify.framework in Frameworks */,
				801E5FA91C8A332D00536847 /* SystemConfiguration.framework in Frameworks */,
				801E5FA71C8A332000536847 /* AVFoundation.framework in Frameworks */,
			);
			runOnlyForDeploymentPostprocessing = 0;
		};
		8009030D1C88C9F500722614 /* Frameworks */ = {
			isa = PBXFrameworksBuildPhase;
			buildActionMask = 2147483647;
			files = (
			);
			runOnlyForDeploymentPostprocessing = 0;
		};
		800903181C88C9F500722614 /* Frameworks */ = {
			isa = PBXFrameworksBuildPhase;
			buildActionMask = 2147483647;
			files = (
			);
			runOnlyForDeploymentPostprocessing = 0;
		};
/* End PBXFrameworksBuildPhase section */

/* Begin PBXGroup section */
		800902EE1C88C9F400722614 = {
			isa = PBXGroup;
			children = (
				800902F91C88C9F400722614 /* LEDSoundsystem */,
				801E5FA31C8A313300536847 /* Frameworks */,
				800903131C88C9F500722614 /* LEDSoundsystemTests */,
				8009031E1C88C9F500722614 /* LEDSoundsystemUITests */,
				800902F81C88C9F400722614 /* Products */,
				84966FDF698218B3777AD224 /* Pods */,
			);
			sourceTree = "<group>";
		};
		800902F81C88C9F400722614 /* Products */ = {
			isa = PBXGroup;
			children = (
				800902F71C88C9F400722614 /* LEDSoundsystem.app */,
				800903101C88C9F500722614 /* LEDSoundsystemTests.xctest */,
				8009031B1C88C9F500722614 /* LEDSoundsystemUITests.xctest */,
			);
			name = Products;
			sourceTree = "<group>";
		};
		800902F91C88C9F400722614 /* LEDSoundsystem */ = {
			isa = PBXGroup;
			children = (
				807C64ED1C88DAD300E116AD /* Assets */,
				80EC5D751CA1E6A50095A0D8 /* Config.h */,
				80FA5F9D1CB31A71008F51F7 /* startViewController.h */,
				80FA5F9E1CB31A71008F51F7 /* startViewController.m */,
				800902FD1C88C9F400722614 /* AppDelegate.h */,
				800902FE1C88C9F400722614 /* AppDelegate.m */,
				800903001C88C9F400722614 /* ViewController.h */,
				800903011C88C9F400722614 /* ViewController.m */,
				80D602451CAB7DD3003305E3 /* playlistTableViewController.h */,
				80D602461CAB7DD3003305E3 /* playlistTableViewController.m */,
				800903031C88C9F400722614 /* Main.storyboard */,
				800903061C88C9F400722614 /* Assets.xcassets */,
				800903081C88C9F500722614 /* LaunchScreen.storyboard */,
				800902FA1C88C9F400722614 /* Supporting Files */,
				80D602421CAA3845003305E3 /* songViewController.h */,
				80D602431CAA3845003305E3 /* songViewController.m */,
				80A910121CB7530E00754D3E /* Global.h */,
				80A910131CB7530E00754D3E /* Global.m */,
			);
			path = LEDSoundsystem;
			sourceTree = "<group>";
		};
		800902FA1C88C9F400722614 /* Supporting Files */ = {
			isa = PBXGroup;
			children = (
				8009030B1C88C9F500722614 /* Info.plist */,
				800902FB1C88C9F400722614 /* main.m */,
			);
			name = "Supporting Files";
			sourceTree = "<group>";
		};
		800903131C88C9F500722614 /* LEDSoundsystemTests */ = {
			isa = PBXGroup;
			children = (
				800903141C88C9F500722614 /* LEDSoundsystemTests.m */,
				800903161C88C9F500722614 /* Info.plist */,
			);
			path = LEDSoundsystemTests;
			sourceTree = "<group>";
		};
		8009031E1C88C9F500722614 /* LEDSoundsystemUITests */ = {
			isa = PBXGroup;
			children = (
				8009031F1C88C9F500722614 /* LEDSoundsystemUITests.m */,
				800903211C88C9F500722614 /* Info.plist */,
			);
			path = LEDSoundsystemUITests;
			sourceTree = "<group>";
		};
		801E5FA31C8A313300536847 /* Frameworks */ = {
			isa = PBXGroup;
			children = (
				801E5FA81C8A332D00536847 /* SystemConfiguration.framework */,
				801E5FA61C8A331F00536847 /* AVFoundation.framework */,
				801E5FA41C8A316B00536847 /* Spotify.framework */,
				E2563902D92A43A962E57D18 /* libPods-LEDSoundsystem.a */,
			);
			name = Frameworks;
			path = LEDSoundsystem;
			sourceTree = "<group>";
		};
		807C64ED1C88DAD300E116AD /* Assets */ = {
			isa = PBXGroup;
			children = (
				807C64F01C89FF6B00E116AD /* LogoClear.png */,
			);
			name = Assets;
			sourceTree = "<group>";
		};
		84966FDF698218B3777AD224 /* Pods */ = {
			isa = PBXGroup;
			children = (
				EC89E8BA84AA3C6E3E65C4B9 /* Pods-LEDSoundsystem.debug.xcconfig */,
				9C08FAF56B2338B849D6E498 /* Pods-LEDSoundsystem.release.xcconfig */,
			);
			name = Pods;
			sourceTree = "<group>";
		};
/* End PBXGroup section */

/* Begin PBXNativeTarget section */
		800902F61C88C9F400722614 /* LEDSoundsystem */ = {
			isa = PBXNativeTarget;
			buildConfigurationList = 800903241C88C9F500722614 /* Build configuration list for PBXNativeTarget "LEDSoundsystem" */;
			buildPhases = (
				E8469215286D0509A81D0217 /* Check Pods Manifest.lock */,
				800902F31C88C9F400722614 /* Sources */,
				800902F41C88C9F400722614 /* Frameworks */,
				800902F51C88C9F400722614 /* Resources */,
				AD5D373582899252285F0251 /* Embed Pods Frameworks */,
				361D1AE9175E7997EF058B9E /* Copy Pods Resources */,
			);
			buildRules = (
			);
			dependencies = (
			);
			name = LEDSoundsystem;
			productName = LEDSoundsystem;
			productReference = 800902F71C88C9F400722614 /* LEDSoundsystem.app */;
			productType = "com.apple.product-type.application";
		};
		8009030F1C88C9F500722614 /* LEDSoundsystemTests */ = {
			isa = PBXNativeTarget;
			buildConfigurationList = 800903271C88C9F500722614 /* Build configuration list for PBXNativeTarget "LEDSoundsystemTests" */;
			buildPhases = (
				8009030C1C88C9F500722614 /* Sources */,
				8009030D1C88C9F500722614 /* Frameworks */,
				8009030E1C88C9F500722614 /* Resources */,
			);
			buildRules = (
			);
			dependencies = (
				800903121C88C9F500722614 /* PBXTargetDependency */,
			);
			name = LEDSoundsystemTests;
			productName = LEDSoundsystemTests;
			productReference = 800903101C88C9F500722614 /* LEDSoundsystemTests.xctest */;
			productType = "com.apple.product-type.bundle.unit-test";
		};
		8009031A1C88C9F500722614 /* LEDSoundsystemUITests */ = {
			isa = PBXNativeTarget;
			buildConfigurationList = 8009032A1C88C9F500722614 /* Build configuration list for PBXNativeTarget "LEDSoundsystemUITests" */;
			buildPhases = (
				800903171C88C9F500722614 /* Sources */,
				800903181C88C9F500722614 /* Frameworks */,
				800903191C88C9F500722614 /* Resources */,
			);
			buildRules = (
			);
			dependencies = (
				8009031D1C88C9F500722614 /* PBXTargetDependency */,
			);
			name = LEDSoundsystemUITests;
			productName = LEDSoundsystemUITests;
			productReference = 8009031B1C88C9F500722614 /* LEDSoundsystemUITests.xctest */;
			productType = "com.apple.product-type.bundle.ui-testing";
		};
/* End PBXNativeTarget section */

/* Begin PBXProject section */
		800902EF1C88C9F400722614 /* Project object */ = {
			isa = PBXProject;
			attributes = {
				LastUpgradeCheck = 0720;
				ORGANIZATIONNAME = "EECS 700 Group";
				TargetAttributes = {
					800902F61C88C9F400722614 = {
						CreatedOnToolsVersion = 7.2.1;
					};
					8009030F1C88C9F500722614 = {
						CreatedOnToolsVersion = 7.2.1;
						TestTargetID = 800902F61C88C9F400722614;
					};
					8009031A1C88C9F500722614 = {
						CreatedOnToolsVersion = 7.2.1;
						TestTargetID = 800902F61C88C9F400722614;
					};
				};
			};
			buildConfigurationList = 800902F21C88C9F400722614 /* Build configuration list for PBXProject "LEDSoundsystem" */;
			compatibilityVersion = "Xcode 3.2";
			developmentRegion = English;
			hasScannedForEncodings = 0;
			knownRegions = (
				en,
				Base,
			);
			mainGroup = 800902EE1C88C9F400722614;
			productRefGroup = 800902F81C88C9F400722614 /* Products */;
			projectDirPath = "";
			projectRoot = "";
			targets = (
				800902F61C88C9F400722614 /* LEDSoundsystem */,
				8009030F1C88C9F500722614 /* LEDSoundsystemTests */,
				8009031A1C88C9F500722614 /* LEDSoundsystemUITests */,
			);
		};
/* End PBXProject section */

/* Begin PBXResourcesBuildPhase section */
		800902F51C88C9F400722614 /* Resources */ = {
			isa = PBXResourcesBuildPhase;
			buildActionMask = 2147483647;
			files = (
				807C64F11C89FF6B00E116AD /* LogoClear.png in Resources */,
				8009030A1C88C9F500722614 /* LaunchScreen.storyboard in Resources */,
				800903071C88C9F400722614 /* Assets.xcassets in Resources */,
				800903051C88C9F400722614 /* Main.storyboard in Resources */,
			);
			runOnlyForDeploymentPostprocessing = 0;
		};
		8009030E1C88C9F500722614 /* Resources */ = {
			isa = PBXResourcesBuildPhase;
			buildActionMask = 2147483647;
			files = (
			);
			runOnlyForDeploymentPostprocessing = 0;
		};
		800903191C88C9F500722614 /* Resources */ = {
			isa = PBXResourcesBuildPhase;
			buildActionMask = 2147483647;
			files = (
			);
			runOnlyForDeploymentPostprocessing = 0;
		};
/* End PBXResourcesBuildPhase section */

/* Begin PBXShellScriptBuildPhase section */
		361D1AE9175E7997EF058B9E /* Copy Pods Resources */ = {
			isa = PBXShellScriptBuildPhase;
			buildActionMask = 2147483647;
			files = (
			);
			inputPaths = (
			);
			name = "Copy Pods Resources";
			outputPaths = (
			);
			runOnlyForDeploymentPostprocessing = 0;
			shellPath = /bin/sh;
			shellScript = "\"${SRCROOT}/Pods/Target Support Files/Pods-LEDSoundsystem/Pods-LEDSoundsystem-resources.sh\"\n";
			showEnvVarsInLog = 0;
		};
		AD5D373582899252285F0251 /* Embed Pods Frameworks */ = {
			isa = PBXShellScriptBuildPhase;
			buildActionMask = 2147483647;
			files = (
			);
			inputPaths = (
			);
			name = "Embed Pods Frameworks";
			outputPaths = (
			);
			runOnlyForDeploymentPostprocessing = 0;
			shellPath = /bin/sh;
			shellScript = "\"${SRCROOT}/Pods/Target Support Files/Pods-LEDSoundsystem/Pods-LEDSoundsystem-frameworks.sh\"\n";
			showEnvVarsInLog = 0;
		};
		E8469215286D0509A81D0217 /* Check Pods Manifest.lock */ = {
			isa = PBXShellScriptBuildPhase;
			buildActionMask = 2147483647;
			files = (
			);
			inputPaths = (
			);
			name = "Check Pods Manifest.lock";
			outputPaths = (
			);
			runOnlyForDeploymentPostprocessing = 0;
			shellPath = /bin/sh;
			shellScript = "diff \"${PODS_ROOT}/../Podfile.lock\" \"${PODS_ROOT}/Manifest.lock\" > /dev/null\nif [[ $? != 0 ]] ; then\n    cat << EOM\nerror: The sandbox is not in sync with the Podfile.lock. Run 'pod install' or update your CocoaPods installation.\nEOM\n    exit 1\nfi\n";
			showEnvVarsInLog = 0;
		};
/* End PBXShellScriptBuildPhase section */

/* Begin PBXSourcesBuildPhase section */
		800902F31C88C9F400722614 /* Sources */ = {
			isa = PBXSourcesBuildPhase;
			buildActionMask = 2147483647;
			files = (
				800903021C88C9F400722614 /* ViewController.m in Sources */,
				800902FF1C88C9F400722614 /* AppDelegate.m in Sources */,
				800902FC1C88C9F400722614 /* main.m in Sources */,
				80A910141CB7530E00754D3E /* Global.m in Sources */,
				80FA5F9F1CB31A71008F51F7 /* startViewController.m in Sources */,
				80D602471CAB7DD3003305E3 /* playlistTableViewController.m in Sources */,
				80D602441CAA3845003305E3 /* songViewController.m in Sources */,
			);
			runOnlyForDeploymentPostprocessing = 0;
		};
		8009030C1C88C9F500722614 /* Sources */ = {
			isa = PBXSourcesBuildPhase;
			buildActionMask = 2147483647;
			files = (
				800903151C88C9F500722614 /* LEDSoundsystemTests.m in Sources */,
			);
			runOnlyForDeploymentPostprocessing = 0;
		};
		800903171C88C9F500722614 /* Sources */ = {
			isa = PBXSourcesBuildPhase;
			buildActionMask = 2147483647;
			files = (
				800903201C88C9F500722614 /* LEDSoundsystemUITests.m in Sources */,
			);
			runOnlyForDeploymentPostprocessing = 0;
		};
/* End PBXSourcesBuildPhase section */

/* Begin PBXTargetDependency section */
		800903121C88C9F500722614 /* PBXTargetDependency */ = {
			isa = PBXTargetDependency;
			target = 800902F61C88C9F400722614 /* LEDSoundsystem */;
			targetProxy = 800903111C88C9F500722614 /* PBXContainerItemProxy */;
		};
		8009031D1C88C9F500722614 /* PBXTargetDependency */ = {
			isa = PBXTargetDependency;
			target = 800902F61C88C9F400722614 /* LEDSoundsystem */;
			targetProxy = 8009031C1C88C9F500722614 /* PBXContainerItemProxy */;
		};
/* End PBXTargetDependency section */

/* Begin PBXVariantGroup section */
		800903031C88C9F400722614 /* Main.storyboard */ = {
			isa = PBXVariantGroup;
			children = (
				800903041C88C9F400722614 /* Base */,
			);
			name = Main.storyboard;
			sourceTree = "<group>";
		};
		800903081C88C9F500722614 /* LaunchScreen.storyboard */ = {
			isa = PBXVariantGroup;
			children = (
				800903091C88C9F500722614 /* Base */,
			);
			name = LaunchScreen.storyboard;
			sourceTree = "<group>";
		};
/* End PBXVariantGroup section */

/* Begin XCBuildConfiguration section */
		800903221C88C9F500722614 /* Debug */ = {
			isa = XCBuildConfiguration;
			buildSettings = {
				ALWAYS_SEARCH_USER_PATHS = NO;
				CLANG_CXX_LANGUAGE_STANDARD = "gnu++0x";
				CLANG_CXX_LIBRARY = "libc++";
				CLANG_ENABLE_MODULES = YES;
				CLANG_ENABLE_OBJC_ARC = YES;
				CLANG_WARN_BOOL_CONVERSION = YES;
				CLANG_WARN_CONSTANT_CONVERSION = YES;
				CLANG_WARN_DIRECT_OBJC_ISA_USAGE = YES_ERROR;
				CLANG_WARN_EMPTY_BODY = YES;
				CLANG_WARN_ENUM_CONVERSION = YES;
				CLANG_WARN_INT_CONVERSION = YES;
				CLANG_WARN_OBJC_ROOT_CLASS = YES_ERROR;
				CLANG_WARN_UNREACHABLE_CODE = YES;
				CLANG_WARN__DUPLICATE_METHOD_MATCH = YES;
				"CODE_SIGN_IDENTITY[sdk=iphoneos*]" = "iPhone Developer";
				COPY_PHASE_STRIP = NO;
				DEBUG_INFORMATION_FORMAT = dwarf;
				ENABLE_STRICT_OBJC_MSGSEND = YES;
				ENABLE_TESTABILITY = YES;
				GCC_C_LANGUAGE_STANDARD = gnu99;
				GCC_DYNAMIC_NO_PIC = NO;
				GCC_NO_COMMON_BLOCKS = YES;
				GCC_OPTIMIZATION_LEVEL = 0;
				GCC_PREPROCESSOR_DEFINITIONS = (
					"DEBUG=1",
					"$(inherited)",
				);
				GCC_WARN_64_TO_32_BIT_CONVERSION = YES;
				GCC_WARN_ABOUT_RETURN_TYPE = YES_ERROR;
				GCC_WARN_UNDECLARED_SELECTOR = YES;
				GCC_WARN_UNINITIALIZED_AUTOS = YES_AGGRESSIVE;
				GCC_WARN_UNUSED_FUNCTION = YES;
				GCC_WARN_UNUSED_VARIABLE = YES;
				IPHONEOS_DEPLOYMENT_TARGET = 9.2;
				MTL_ENABLE_DEBUG_INFO = YES;
				ONLY_ACTIVE_ARCH = YES;
				SDKROOT = iphoneos;
				TARGETED_DEVICE_FAMILY = "1,2";
			};
			name = Debug;
		};
		800903231C88C9F500722614 /* Release */ = {
			isa = XCBuildConfiguration;
			buildSettings = {
				ALWAYS_SEARCH_USER_PATHS = NO;
				CLANG_CXX_LANGUAGE_STANDARD = "gnu++0x";
				CLANG_CXX_LIBRARY = "libc++";
				CLANG_ENABLE_MODULES = YES;
				CLANG_ENABLE_OBJC_ARC = YES;
				CLANG_WARN_BOOL_CONVERSION = YES;
				CLANG_WARN_CONSTANT_CONVERSION = YES;
				CLANG_WARN_DIRECT_OBJC_ISA_USAGE = YES_ERROR;
				CLANG_WARN_EMPTY_BODY = YES;
				CLANG_WARN_ENUM_CONVERSION = YES;
				CLANG_WARN_INT_CONVERSION = YES;
				CLANG_WARN_OBJC_ROOT_CLASS = YES_ERROR;
				CLANG_WARN_UNREACHABLE_CODE = YES;
				CLANG_WARN__DUPLICATE_METHOD_MATCH = YES;
				"CODE_SIGN_IDENTITY[sdk=iphoneos*]" = "iPhone Developer";
				COPY_PHASE_STRIP = NO;
				DEBUG_INFORMATION_FORMAT = "dwarf-with-dsym";
				ENABLE_NS_ASSERTIONS = NO;
				ENABLE_STRICT_OBJC_MSGSEND = YES;
				GCC_C_LANGUAGE_STANDARD = gnu99;
				GCC_NO_COMMON_BLOCKS = YES;
				GCC_WARN_64_TO_32_BIT_CONVERSION = YES;
				GCC_WARN_ABOUT_RETURN_TYPE = YES_ERROR;
				GCC_WARN_UNDECLARED_SELECTOR = YES;
				GCC_WARN_UNINITIALIZED_AUTOS = YES_AGGRESSIVE;
				GCC_WARN_UNUSED_FUNCTION = YES;
				GCC_WARN_UNUSED_VARIABLE = YES;
				IPHONEOS_DEPLOYMENT_TARGET = 9.2;
				MTL_ENABLE_DEBUG_INFO = NO;
				SDKROOT = iphoneos;
				TARGETED_DEVICE_FAMILY = "1,2";
				VALIDATE_PRODUCT = YES;
			};
			name = Release;
		};
		800903251C88C9F500722614 /* Debug */ = {
			isa = XCBuildConfiguration;
			baseConfigurationReference = EC89E8BA84AA3C6E3E65C4B9 /* Pods-LEDSoundsystem.debug.xcconfig */;
			buildSettings = {
				ASSETCATALOG_COMPILER_APPICON_NAME = AppIcon;
				FRAMEWORK_SEARCH_PATHS = (
					"$(inherited)",
					"$(PROJECT_DIR)/LEDSoundsystem",
				);
				INFOPLIST_FILE = LEDSoundsystem/Info.plist;
				LD_RUNPATH_SEARCH_PATHS = "$(inherited) @executable_path/Frameworks";
				PRODUCT_BUNDLE_IDENTIFIER = com.colejurden.ledsoundsystem;
				PRODUCT_NAME = "$(TARGET_NAME)";
				TARGETED_DEVICE_FAMILY = 1;
			};
			name = Debug;
		};
		800903261C88C9F500722614 /* Release */ = {
			isa = XCBuildConfiguration;
			baseConfigurationReference = 9C08FAF56B2338B849D6E498 /* Pods-LEDSoundsystem.release.xcconfig */;
			buildSettings = {
				ASSETCATALOG_COMPILER_APPICON_NAME = AppIcon;
				FRAMEWORK_SEARCH_PATHS = (
					"$(inherited)",
					"$(PROJECT_DIR)/LEDSoundsystem",
				);
				INFOPLIST_FILE = LEDSoundsystem/Info.plist;
				LD_RUNPATH_SEARCH_PATHS = "$(inherited) @executable_path/Frameworks";
				PRODUCT_BUNDLE_IDENTIFIER = com.colejurden.ledsoundsystem;
				PRODUCT_NAME = "$(TARGET_NAME)";
				TARGETED_DEVICE_FAMILY = 1;
			};
			name = Release;
		};
		800903281C88C9F500722614 /* Debug */ = {
			isa = XCBuildConfiguration;
			buildSettings = {
				BUNDLE_LOADER = "$(TEST_HOST)";
				INFOPLIST_FILE = LEDSoundsystemTests/Info.plist;
				LD_RUNPATH_SEARCH_PATHS = "$(inherited) @executable_path/Frameworks @loader_path/Frameworks";
				PRODUCT_BUNDLE_IDENTIFIER = com.colejurden.LEDSoundsystemTests;
				PRODUCT_NAME = "$(TARGET_NAME)";
				TEST_HOST = "$(BUILT_PRODUCTS_DIR)/LEDSoundsystem.app/LEDSoundsystem";
			};
			name = Debug;
		};
		800903291C88C9F500722614 /* Release */ = {
			isa = XCBuildConfiguration;
			buildSettings = {
				BUNDLE_LOADER = "$(TEST_HOST)";
				INFOPLIST_FILE = LEDSoundsystemTests/Info.plist;
				LD_RUNPATH_SEARCH_PATHS = "$(inherited) @executable_path/Frameworks @loader_path/Frameworks";
				PRODUCT_BUNDLE_IDENTIFIER = com.colejurden.LEDSoundsystemTests;
				PRODUCT_NAME = "$(TARGET_NAME)";
				TEST_HOST = "$(BUILT_PRODUCTS_DIR)/LEDSoundsystem.app/LEDSoundsystem";
			};
			name = Release;
		};
		8009032B1C88C9F500722614 /* Debug */ = {
			isa = XCBuildConfiguration;
			buildSettings = {
				INFOPLIST_FILE = LEDSoundsystemUITests/Info.plist;
				LD_RUNPATH_SEARCH_PATHS = "$(inherited) @executable_path/Frameworks @loader_path/Frameworks";
				PRODUCT_BUNDLE_IDENTIFIER = com.colejurden.LEDSoundsystemUITests;
				PRODUCT_NAME = "$(TARGET_NAME)";
				TEST_TARGET_NAME = LEDSoundsystem;
				USES_XCTRUNNER = YES;
			};
			name = Debug;
		};
		8009032C1C88C9F500722614 /* Release */ = {
			isa = XCBuildConfiguration;
			buildSettings = {
				INFOPLIST_FILE = LEDSoundsystemUITests/Info.plist;
				LD_RUNPATH_SEARCH_PATHS = "$(inherited) @executable_path/Frameworks @loader_path/Frameworks";
				PRODUCT_BUNDLE_IDENTIFIER = com.colejurden.LEDSoundsystemUITests;
				PRODUCT_NAME = "$(TARGET_NAME)";
				TEST_TARGET_NAME = LEDSoundsystem;
				USES_XCTRUNNER = YES;
			};
			name = Release;
		};
/* End XCBuildConfiguration section */

/* Begin XCConfigurationList section */
		800902F21C88C9F400722614 /* Build configuration list for PBXProject "LEDSoundsystem" */ = {
			isa = XCConfigurationList;
			buildConfigurations = (
				800903221C88C9F500722614 /* Debug */,
				800903231C88C9F500722614 /* Release */,
			);
			defaultConfigurationIsVisible = 0;
			defaultConfigurationName = Release;
		};
		800903241C88C9F500722614 /* Build configuration list for PBXNativeTarget "LEDSoundsystem" */ = {
			isa = XCConfigurationList;
			buildConfigurations = (
				800903251C88C9F500722614 /* Debug */,
				800903261C88C9F500722614 /* Release */,
			);
			defaultConfigurationIsVisible = 0;
			defaultConfigurationName = Release;
		};
		800903271C88C9F500722614 /* Build configuration list for PBXNativeTarget "LEDSoundsystemTests" */ = {
			isa = XCConfigurationList;
			buildConfigurations = (
				800903281C88C9F500722614 /* Debug */,
				800903291C88C9F500722614 /* Release */,
			);
			defaultConfigurationIsVisible = 0;
			defaultConfigurationName = Release;
		};
		8009032A1C88C9F500722614 /* Build configuration list for PBXNativeTarget "LEDSoundsystemUITests" */ = {
			isa = XCConfigurationList;
			buildConfigurations = (
				8009032B1C88C9F500722614 /* Debug */,
				8009032C1C88C9F500722614 /* Release */,
			);
			defaultConfigurationIsVisible = 0;
			defaultConfigurationName = Release;
		};
/* End XCConfigurationList section */
	};
	rootObject = 800902EF1C88C9F400722614 /* Project object */;
}
